
Microsoft Visual Studio Solution File, Format Version 12.00
Project("{FAE04EC0-301F-11D3-BF4B-00C04F79EFBC}") = "PT_Lab7", "PT_Lab7\PT_Lab7.csproj", "{B582C95B-9362-41CB-BDD6-72AEB46266DB}"
EndProject
Global
	GlobalSection(SolutionConfigurationPlatforms) = preSolution
		Debug|Any CPU = Debug|Any CPU
		Release|Any CPU = Release|Any CPU
	EndGlobalSection
	GlobalSection(ProjectConfigurationPlatforms) = postSolution
		{B582C95B-9362-41CB-BDD6-72AEB46266DB}.Debug|Any CPU.ActiveCfg = Debug|Any CPU
		{B582C95B-9362-41CB-BDD6-72AEB46266DB}.Debug|Any CPU.Build.0 = Debug|Any CPU
		{B582C95B-9362-41CB-BDD6-72AEB46266DB}.Release|Any CPU.ActiveCfg = Release|Any CPU
		{B582C95B-9362-41CB-BDD6-72AEB46266DB}.Release|Any CPU.Build.0 = Release|Any CPU
	EndGlobalSection
EndGlobal
